
Microsoft Visual Studio Solution File, Format Version 12.00
# Visual Studio 2013
VisualStudioVersion = 12.0.40629.0
MinimumVisualStudioVersion = 10.0.40219.1
Project("{FAE04EC0-301F-11D3-BF4B-00C04F79EFBC}") = "WebApplication1", "WebApplication1\WebApplication1.csproj", "{195ECD08-0BCE-4863-B3A0-9CB2341CA5AD}"
EndProject
Project("{FAE04EC0-301F-11D3-BF4B-00C04F79EFBC}") = "WebApplication1.Tests", "WebApplication1.Tests\WebApplication1.Tests.csproj", "{B1CDC684-8DCA-400C-9963-D06A5A7C603B}"
EndProject
Global
	GlobalSection(SolutionConfigurationPlatforms) = preSolution
		Debug|Any CPU = Debug|Any CPU
		Release|Any CPU = Release|Any CPU
	EndGlobalSection
	GlobalSection(ProjectConfigurationPlatforms) = postSolution
		{195ECD08-0BCE-4863-B3A0-9CB2341CA5AD}.Debug|Any CPU.ActiveCfg = Debug|Any CPU
		{195ECD08-0BCE-4863-B3A0-9CB2341CA5AD}.Debug|Any CPU.Build.0 = Debug|Any CPU
		{195ECD08-0BCE-4863-B3A0-9CB2341CA5AD}.Release|Any CPU.ActiveCfg = Release|Any CPU
		{195ECD08-0BCE-4863-B3A0-9CB2341CA5AD}.Release|Any CPU.Build.0 = Release|Any CPU
		{B1CDC684-8DCA-400C-9963-D06A5A7C603B}.Debug|Any CPU.ActiveCfg = Debug|Any CPU
		{B1CDC684-8DCA-400C-9963-D06A5A7C603B}.Debug|Any CPU.Build.0 = Debug|Any CPU
		{B1CDC684-8DCA-400C-9963-D06A5A7C603B}.Release|Any CPU.ActiveCfg = Release|Any CPU
		{B1CDC684-8DCA-400C-9963-D06A5A7C603B}.Release|Any CPU.Build.0 = Release|Any CPU
	EndGlobalSection
	GlobalSection(SolutionProperties) = preSolution
		HideSolutionNode = FALSE
	EndGlobalSection
EndGlobal
